{
  "name": "postcss-transform",
  "version": "1.0.0",
  "lockfileVersion": 1,
  "requires": true,
  "dependencies": {
    "colorette": {
      "version": "1.2.2",
      "resolved": "http://registry.m.jd.com/colorette/download/colorette-1.2.2.tgz",
      "integrity": "sha1-y8x51emcrqLb8Q6zom/Ys+as+pQ=",
      "dev": true
    },
    "nanoid": {
      "version": "3.1.22",
      "resolved": "http://registry.m.jd.com/nanoid/download/nanoid-3.1.22.tgz",
      "integrity": "sha1-s1+Pt9FRmQqK69WqUBXAPPcm+EQ=",
      "dev": true
    },
    "postcss": {
      "version": "8.2.10",
      "resolved": "http://registry.m.jd.com/postcss/download/postcss-8.2.10.tgz",
      "integrity": "sha1-ynoEKqiv9JSzNND/Pp53B59vcCs=",
      "dev": true,
      "requires": {
        "colorette": "^1.2.2",
        "nanoid": "^3.1.22",
        "source-map": "^0.6.1"
      }
    },
    "source-map": {
      "version": "0.6.1",
      "resolved": "http://registry.m.jd.com/source-map/download/source-map-0.6.1.tgz",
      "integrity": "sha1-dHIq8y6WFOnCh6jQu95IteLxomM=",
      "dev": true
    }
  }
}
